
Microsoft Visual Studio Solution File, Format Version 12.00
# Visual Studio Version 16
VisualStudioVersion = 16.0.29709.97
MinimumVisualStudioVersion = 10.0.40219.1
Project("{2150E333-8FDC-42A3-9474-1A3956D46DE8}") = "DotNetFoundation", "DotNetFoundation", "{3E42B64F-9ED1-4E03-8FED-A15A7C8AF998}"
EndProject
Project("{2150E333-8FDC-42A3-9474-1A3956D46DE8}") = "MethodLibraryExercise", "MethodLibraryExercise", "{141D3052-5023-4927-B031-DEBFF45FA972}"
EndProject
Project("{2150E333-8FDC-42A3-9474-1A3956D46DE8}") = "EPPlusExercise", "EPPlusExercise", "{355EEDA6-3E9B-4D5B-A041-6D66B8E615F6}"
EndProject
Project("{FAE04EC0-301F-11D3-BF4B-00C04F79EFBC}") = "EpplusSamples", "MethodLibraryExercise\EPPlusExercise\E1001Samples01\EpplusSamples.csproj", "{F124F3BD-22AE-489B-86EE-AD978D18CECB}"
EndProject
Project("{2150E333-8FDC-42A3-9474-1A3956D46DE8}") = "AlgorithmPraise", "AlgorithmPraise", "{83C709DC-04EA-465A-A4F4-FA2D48119140}"
EndProject
Project("{FAE04EC0-301F-11D3-BF4B-00C04F79EFBC}") = "CodeFrame", "DotNetFoundation\CodeFrame\CodeFrame.csproj", "{802D76B6-97DD-49D8-AE57-C24094754246}"
EndProject
Project("{FAE04EC0-301F-11D3-BF4B-00C04F79EFBC}") = "ExampleForReflection2", "DotNetFoundation\ExampleForReflection2\ExampleForReflection2.csproj", "{CCB0E606-EF54-4C03-8438-F1D332659DB9}"
EndProject
Project("{2150E333-8FDC-42A3-9474-1A3956D46DE8}") = "WPF", "WPF", "{BFB529C1-5E7F-48E6-96C2-AB10D2200E7A}"
EndProject
Project("{FAE04EC0-301F-11D3-BF4B-00C04F79EFBC}") = "WindowsFormsApp1", "DotNetFoundation\Winform\WindowsFormsApp1\WindowsFormsApp1.csproj", "{3CFD03D8-2D58-4BA7-B454-940D67F3815A}"
EndProject
Project("{FAE04EC0-301F-11D3-BF4B-00C04F79EFBC}") = "LearnWpfMVVM", "WPF\LearnWpfMVVM\LearnWpfMVVM.csproj", "{CF7E191E-4892-45BC-8F15-7465FF5F331C}"
EndProject
Project("{FAE04EC0-301F-11D3-BF4B-00C04F79EFBC}") = "WpfMvvmDemo", "WPF\simplestmvvmdemo\WpfMvvmDemo\WpfMvvmDemo.csproj", "{3A7D072F-71E5-4529-A995-5ED78035BB64}"
EndProject
Project("{2150E333-8FDC-42A3-9474-1A3956D46DE8}") = "DotNetRevit", "DotNetRevit", "{175CE764-9121-4D70-BAF3-F8A9B2FA2A82}"
EndProject
Project("{FAE04EC0-301F-11D3-BF4B-00C04F79EFBC}") = "RevitFoundation", "DotNetRevit\RevitFoundation\RevitFoundation.csproj", "{578E200D-39A1-467B-8CEA-F3632F6A010B}"
EndProject
Project("{FAE04EC0-301F-11D3-BF4B-00C04F79EFBC}") = "CodeInTangsengjiewa2", "DotNetRevit\CodeInTangsengjiewa2\CodeInTangsengjiewa2.csproj", "{6F7CAF26-D9C8-4FE7-BB91-E161A2E562A6}"
EndProject
Global
	GlobalSection(SolutionConfigurationPlatforms) = preSolution
		Debug|Any CPU = Debug|Any CPU
		Release|Any CPU = Release|Any CPU
	EndGlobalSection
	GlobalSection(ProjectConfigurationPlatforms) = postSolution
		{F124F3BD-22AE-489B-86EE-AD978D18CECB}.Debug|Any CPU.ActiveCfg = Debug|Any CPU
		{F124F3BD-22AE-489B-86EE-AD978D18CECB}.Debug|Any CPU.Build.0 = Debug|Any CPU
		{F124F3BD-22AE-489B-86EE-AD978D18CECB}.Release|Any CPU.ActiveCfg = Release|Any CPU
		{F124F3BD-22AE-489B-86EE-AD978D18CECB}.Release|Any CPU.Build.0 = Release|Any CPU
		{802D76B6-97DD-49D8-AE57-C24094754246}.Debug|Any CPU.ActiveCfg = Debug|Any CPU
		{802D76B6-97DD-49D8-AE57-C24094754246}.Debug|Any CPU.Build.0 = Debug|Any CPU
		{802D76B6-97DD-49D8-AE57-C24094754246}.Release|Any CPU.ActiveCfg = Release|Any CPU
		{802D76B6-97DD-49D8-AE57-C24094754246}.Release|Any CPU.Build.0 = Release|Any CPU
		{CCB0E606-EF54-4C03-8438-F1D332659DB9}.Debug|Any CPU.ActiveCfg = Debug|Any CPU
		{CCB0E606-EF54-4C03-8438-F1D332659DB9}.Debug|Any CPU.Build.0 = Debug|Any CPU
		{CCB0E606-EF54-4C03-8438-F1D332659DB9}.Release|Any CPU.ActiveCfg = Release|Any CPU
		{CCB0E606-EF54-4C03-8438-F1D332659DB9}.Release|Any CPU.Build.0 = Release|Any CPU
		{3CFD03D8-2D58-4BA7-B454-940D67F3815A}.Debug|Any CPU.ActiveCfg = Debug|Any CPU
		{3CFD03D8-2D58-4BA7-B454-940D67F3815A}.Debug|Any CPU.Build.0 = Debug|Any CPU
		{3CFD03D8-2D58-4BA7-B454-940D67F3815A}.Release|Any CPU.ActiveCfg = Release|Any CPU
		{3CFD03D8-2D58-4BA7-B454-940D67F3815A}.Release|Any CPU.Build.0 = Release|Any CPU
		{CF7E191E-4892-45BC-8F15-7465FF5F331C}.Debug|Any CPU.ActiveCfg = Debug|Any CPU
		{CF7E191E-4892-45BC-8F15-7465FF5F331C}.Debug|Any CPU.Build.0 = Debug|Any CPU
		{CF7E191E-4892-45BC-8F15-7465FF5F331C}.Release|Any CPU.ActiveCfg = Release|Any CPU
		{CF7E191E-4892-45BC-8F15-7465FF5F331C}.Release|Any CPU.Build.0 = Release|Any CPU
		{3A7D072F-71E5-4529-A995-5ED78035BB64}.Debug|Any CPU.ActiveCfg = Debug|Any CPU
		{3A7D072F-71E5-4529-A995-5ED78035BB64}.Debug|Any CPU.Build.0 = Debug|Any CPU
		{3A7D072F-71E5-4529-A995-5ED78035BB64}.Release|Any CPU.ActiveCfg = Release|Any CPU
		{3A7D072F-71E5-4529-A995-5ED78035BB64}.Release|Any CPU.Build.0 = Release|Any CPU
		{578E200D-39A1-467B-8CEA-F3632F6A010B}.Debug|Any CPU.ActiveCfg = Debug|Any CPU
		{578E200D-39A1-467B-8CEA-F3632F6A010B}.Debug|Any CPU.Build.0 = Debug|Any CPU
		{578E200D-39A1-467B-8CEA-F3632F6A010B}.Release|Any CPU.ActiveCfg = Release|Any CPU
		{578E200D-39A1-467B-8CEA-F3632F6A010B}.Release|Any CPU.Build.0 = Release|Any CPU
		{6F7CAF26-D9C8-4FE7-BB91-E161A2E562A6}.Debug|Any CPU.ActiveCfg = Debug|Any CPU
		{6F7CAF26-D9C8-4FE7-BB91-E161A2E562A6}.Debug|Any CPU.Build.0 = Debug|Any CPU
		{6F7CAF26-D9C8-4FE7-BB91-E161A2E562A6}.Release|Any CPU.ActiveCfg = Release|Any CPU
		{6F7CAF26-D9C8-4FE7-BB91-E161A2E562A6}.Release|Any CPU.Build.0 = Release|Any CPU
	EndGlobalSection
	GlobalSection(SolutionProperties) = preSolution
		HideSolutionNode = FALSE
	EndGlobalSection
	GlobalSection(NestedProjects) = preSolution
		{355EEDA6-3E9B-4D5B-A041-6D66B8E615F6} = {141D3052-5023-4927-B031-DEBFF45FA972}
		{F124F3BD-22AE-489B-86EE-AD978D18CECB} = {355EEDA6-3E9B-4D5B-A041-6D66B8E615F6}
		{802D76B6-97DD-49D8-AE57-C24094754246} = {3E42B64F-9ED1-4E03-8FED-A15A7C8AF998}
		{CCB0E606-EF54-4C03-8438-F1D332659DB9} = {3E42B64F-9ED1-4E03-8FED-A15A7C8AF998}
		{3CFD03D8-2D58-4BA7-B454-940D67F3815A} = {3E42B64F-9ED1-4E03-8FED-A15A7C8AF998}
		{CF7E191E-4892-45BC-8F15-7465FF5F331C} = {BFB529C1-5E7F-48E6-96C2-AB10D2200E7A}
		{3A7D072F-71E5-4529-A995-5ED78035BB64} = {BFB529C1-5E7F-48E6-96C2-AB10D2200E7A}
		{578E200D-39A1-467B-8CEA-F3632F6A010B} = {175CE764-9121-4D70-BAF3-F8A9B2FA2A82}
		{6F7CAF26-D9C8-4FE7-BB91-E161A2E562A6} = {175CE764-9121-4D70-BAF3-F8A9B2FA2A82}
	EndGlobalSection
	GlobalSection(ExtensibilityGlobals) = postSolution
		SolutionGuid = {3AD925E7-74B9-4ED0-8CEA-2E354AEAED41}
	EndGlobalSection
EndGlobal
