
Microsoft Visual Studio Solution File, Format Version 12.00
# Visual Studio 15
VisualStudioVersion = 15.0.28307.960
MinimumVisualStudioVersion = 10.0.40219.1
Project("{FAE04EC0-301F-11D3-BF4B-00C04F79EFBC}") = "RevitDevelopmentFoundation", "DotNetRevit\RevitDevelopmentFoundation.csproj", "{578E200D-39A1-467B-8CEA-F3632F6A010B}"
EndProject
Project("{2150E333-8FDC-42A3-9474-1A3956D46DE8}") = "DotNetFoundation", "DotNetFoundation", "{3E42B64F-9ED1-4E03-8FED-A15A7C8AF998}"
EndProject
Project("{2150E333-8FDC-42A3-9474-1A3956D46DE8}") = "DotNetRevit", "DotNetRevit", "{6546664A-99B1-4552-BB6F-59C93957D41A}"
EndProject
Project("{2150E333-8FDC-42A3-9474-1A3956D46DE8}") = "MethodLibraryExercise", "MethodLibraryExercise", "{141D3052-5023-4927-B031-DEBFF45FA972}"
EndProject
Project("{2150E333-8FDC-42A3-9474-1A3956D46DE8}") = "EPPlusExercise", "EPPlusExercise", "{355EEDA6-3E9B-4D5B-A041-6D66B8E615F6}"
EndProject
Project("{FAE04EC0-301F-11D3-BF4B-00C04F79EFBC}") = "EpplusSamples", "MethodLibraryExercise\EPPlusExercise\E1001Samples01\EpplusSamples.csproj", "{F124F3BD-22AE-489B-86EE-AD978D18CECB}"
EndProject
Project("{FAE04EC0-301F-11D3-BF4B-00C04F79EFBC}") = "R10PanelButtomTest", "DotNetRevit\R10PanelButtomTest\R10PanelButtomTest.csproj", "{595D0D9B-EDC3-4456-BC31-25F7E3A4C1DC}"
EndProject
Project("{2150E333-8FDC-42A3-9474-1A3956D46DE8}") = "AlgorithmPraise", "AlgorithmPraise", "{83C709DC-04EA-465A-A4F4-FA2D48119140}"
EndProject
Project("{FAE04EC0-301F-11D3-BF4B-00C04F79EFBC}") = "CodeFrame", "DotNetFoundation\CodeFrame\CodeFrame.csproj", "{802D76B6-97DD-49D8-AE57-C24094754246}"
EndProject
Project("{FAE04EC0-301F-11D3-BF4B-00C04F79EFBC}") = "ExampleForReflection2", "DotNetFoundation\ExampleForReflection2\ExampleForReflection2.csproj", "{CCB0E606-EF54-4C03-8438-F1D332659DB9}"
EndProject
Global
	GlobalSection(SolutionConfigurationPlatforms) = preSolution
		Debug|Any CPU = Debug|Any CPU
		Release|Any CPU = Release|Any CPU
	EndGlobalSection
	GlobalSection(ProjectConfigurationPlatforms) = postSolution
		{578E200D-39A1-467B-8CEA-F3632F6A010B}.Debug|Any CPU.ActiveCfg = Debug|Any CPU
		{578E200D-39A1-467B-8CEA-F3632F6A010B}.Debug|Any CPU.Build.0 = Debug|Any CPU
		{578E200D-39A1-467B-8CEA-F3632F6A010B}.Release|Any CPU.ActiveCfg = Release|Any CPU
		{578E200D-39A1-467B-8CEA-F3632F6A010B}.Release|Any CPU.Build.0 = Release|Any CPU
		{F124F3BD-22AE-489B-86EE-AD978D18CECB}.Debug|Any CPU.ActiveCfg = Debug|Any CPU
		{F124F3BD-22AE-489B-86EE-AD978D18CECB}.Debug|Any CPU.Build.0 = Debug|Any CPU
		{F124F3BD-22AE-489B-86EE-AD978D18CECB}.Release|Any CPU.ActiveCfg = Release|Any CPU
		{F124F3BD-22AE-489B-86EE-AD978D18CECB}.Release|Any CPU.Build.0 = Release|Any CPU
		{595D0D9B-EDC3-4456-BC31-25F7E3A4C1DC}.Debug|Any CPU.ActiveCfg = Debug|Any CPU
		{595D0D9B-EDC3-4456-BC31-25F7E3A4C1DC}.Debug|Any CPU.Build.0 = Debug|Any CPU
		{595D0D9B-EDC3-4456-BC31-25F7E3A4C1DC}.Release|Any CPU.ActiveCfg = Release|Any CPU
		{595D0D9B-EDC3-4456-BC31-25F7E3A4C1DC}.Release|Any CPU.Build.0 = Release|Any CPU
		{802D76B6-97DD-49D8-AE57-C24094754246}.Debug|Any CPU.ActiveCfg = Debug|Any CPU
		{802D76B6-97DD-49D8-AE57-C24094754246}.Debug|Any CPU.Build.0 = Debug|Any CPU
		{802D76B6-97DD-49D8-AE57-C24094754246}.Release|Any CPU.ActiveCfg = Release|Any CPU
		{802D76B6-97DD-49D8-AE57-C24094754246}.Release|Any CPU.Build.0 = Release|Any CPU
		{CCB0E606-EF54-4C03-8438-F1D332659DB9}.Debug|Any CPU.ActiveCfg = Debug|Any CPU
		{CCB0E606-EF54-4C03-8438-F1D332659DB9}.Debug|Any CPU.Build.0 = Debug|Any CPU
		{CCB0E606-EF54-4C03-8438-F1D332659DB9}.Release|Any CPU.ActiveCfg = Release|Any CPU
		{CCB0E606-EF54-4C03-8438-F1D332659DB9}.Release|Any CPU.Build.0 = Release|Any CPU
	EndGlobalSection
	GlobalSection(SolutionProperties) = preSolution
		HideSolutionNode = FALSE
	EndGlobalSection
	GlobalSection(NestedProjects) = preSolution
		{578E200D-39A1-467B-8CEA-F3632F6A010B} = {6546664A-99B1-4552-BB6F-59C93957D41A}
		{355EEDA6-3E9B-4D5B-A041-6D66B8E615F6} = {141D3052-5023-4927-B031-DEBFF45FA972}
		{F124F3BD-22AE-489B-86EE-AD978D18CECB} = {355EEDA6-3E9B-4D5B-A041-6D66B8E615F6}
		{595D0D9B-EDC3-4456-BC31-25F7E3A4C1DC} = {6546664A-99B1-4552-BB6F-59C93957D41A}
		{802D76B6-97DD-49D8-AE57-C24094754246} = {3E42B64F-9ED1-4E03-8FED-A15A7C8AF998}
		{CCB0E606-EF54-4C03-8438-F1D332659DB9} = {3E42B64F-9ED1-4E03-8FED-A15A7C8AF998}
	EndGlobalSection
	GlobalSection(ExtensibilityGlobals) = postSolution
		SolutionGuid = {3AD925E7-74B9-4ED0-8CEA-2E354AEAED41}
	EndGlobalSection
EndGlobal
