
Microsoft Visual Studio Solution File, Format Version 12.00
# Visual Studio 15
VisualStudioVersion = 15.0.28307.960
MinimumVisualStudioVersion = 10.0.40219.1
Project("{FAE04EC0-301F-11D3-BF4B-00C04F79EFBC}") = "RevitDevelopmentFoudation", "DotNetRevit\RevitDevelopmentFoudation.csproj", "{578E200D-39A1-467B-8CEA-F3632F6A010B}"
EndProject
Project("{FAE04EC0-301F-11D3-BF4B-00C04F79EFBC}") = "DNF0201ArrayList", "DotNetFoundation\DNF0201ArrayList\DNF0201ArrayList.csproj", "{7975B621-1967-42B4-AD6D-FB89AA5C24FB}"
EndProject
Project("{FAE04EC0-301F-11D3-BF4B-00C04F79EFBC}") = "DNF0301ARegularExpression", "DotNetFoundation\DNF0301ARegularExpression\DNF0301ARegularExpression.csproj", "{ECDD7708-70CE-44D7-9533-90BEC43934E6}"
EndProject
Project("{2150E333-8FDC-42A3-9474-1A3956D46DE8}") = "DotNetFoundation", "DotNetFoundation", "{3E42B64F-9ED1-4E03-8FED-A15A7C8AF998}"
EndProject
Project("{FAE04EC0-301F-11D3-BF4B-00C04F79EFBC}") = "DNF0702WindowsFormsApp1", "DotNetFoundation\DNF0702WindowsFormsApp1\DNF0702WindowsFormsApp1.csproj", "{C1B181EB-0ABA-4774-A90F-188288D91597}"
EndProject
Project("{FAE04EC0-301F-11D3-BF4B-00C04F79EFBC}") = "DNF0704ConsoleExercise001", "DotNetFoundation\DNF0704ConsoleExercise001\DNF0704ConsoleExercise001.csproj", "{01651330-C7F3-469F-8AC7-EE5944E71172}"
EndProject
Project("{FAE04EC0-301F-11D3-BF4B-00C04F79EFBC}") = "DNF0705WinForExercise002", "DotNetFoundation\DNF0705WinForExercise002\DNF0705WinForExercise002.csproj", "{A5D9B2C0-620F-4B53-B3B1-8D417CC2A75F}"
EndProject
Project("{FAE04EC0-301F-11D3-BF4B-00C04F79EFBC}") = "DNF0707Variable", "DotNetFoundation\DNF0707Variable\DNF0707Variable.csproj", "{3F8DB183-0C81-43CE-8DD3-21ED99E2A138}"
EndProject
Project("{FAE04EC0-301F-11D3-BF4B-00C04F79EFBC}") = "DNF0708constant", "DotNetFoundation\DNF0708constant\DNF0708constant.csproj", "{E2521610-6F70-48E2-BAFD-1C427DC82CA0}"
EndProject
Project("{FAE04EC0-301F-11D3-BF4B-00C04F79EFBC}") = "DNF0709struct", "DotNetFoundation\DNF0709struct\DNF0709struct.csproj", "{557CDE44-9089-4A4E-8D1F-A5DC57A97F9C}"
EndProject
Project("{FAE04EC0-301F-11D3-BF4B-00C04F79EFBC}") = "DNF0710enumWeek", "DotNetFoundation\DNF0710enumWeek\DNF0710enumWeek.csproj", "{4BF1E276-CA8E-48EE-AC4E-75287ADE7C76}"
EndProject
Project("{FAE04EC0-301F-11D3-BF4B-00C04F79EFBC}") = "DNF0711Array", "DotNetFoundation\DNF0711Array\DNF0711Array.csproj", "{D61F0CD6-D284-4765-976B-4F9EF7B7F602}"
EndProject
Project("{FAE04EC0-301F-11D3-BF4B-00C04F79EFBC}") = "DNF0712TwoDimensionalArray", "DotNetFoundation\DNF0712TwoDimensionalArray\DNF0712TwoDimensionalArray.csproj", "{E3C7996C-63F1-4D82-89C0-CCAF52D0F1EB}"
EndProject
Project("{FAE04EC0-301F-11D3-BF4B-00C04F79EFBC}") = "DNF0713TypeCast", "DotNetFoundation\DNF0713TypeCast\DNF0713TypeCast.csproj", "{92C5FE97-7050-4801-9462-3B8848D6BC6A}"
EndProject
Project("{FAE04EC0-301F-11D3-BF4B-00C04F79EFBC}") = "DNF0715BoxAndUnbox", "DotNetFoundation\DNF0714PackAndUnpack\DNF0715BoxAndUnbox.csproj", "{9961635F-DAB5-46D0-840E-945B01B4AC7E}"
EndProject
Project("{FAE04EC0-301F-11D3-BF4B-00C04F79EFBC}") = "DNF0716SimulationWriteLine", "DotNetFoundation\DNF0716SimulationWriteLine\DNF0716SimulationWriteLine.csproj", "{35F8E22E-33D4-48C1-9D19-C28166AFDF85}"
EndProject
Project("{FAE04EC0-301F-11D3-BF4B-00C04F79EFBC}") = "DNF0717TypeCheckingIs", "DotNetFoundation\DNF0717TypeChecking\DNF0717TypeCheckingIs.csproj", "{B10458C9-070B-48FA-9AA9-CF4EC438CCB5}"
EndProject
Project("{FAE04EC0-301F-11D3-BF4B-00C04F79EFBC}") = "DNF0718TypeCheckingAs", "DotNetFoundation\DNF0718TypeCheckingAs\DNF0718TypeCheckingAs.csproj", "{F1F4676F-61CF-4F2C-84BD-86227C2DECE1}"
EndProject
Project("{FAE04EC0-301F-11D3-BF4B-00C04F79EFBC}") = "DNF0801ArithmeticOperator", "DotNetFoundation\DNF0801ArithmeticOperator\DNF0801ArithmeticOperator.csproj", "{DA0B5907-2CAB-4EF7-8FC2-BDE24B671908}"
EndProject
Project("{FAE04EC0-301F-11D3-BF4B-00C04F79EFBC}") = "DNF0802AssignmentOperator", "DotNetFoundation\DNF0802AssignmentOperator\DNF0802AssignmentOperator.csproj", "{A7B0133C-887A-449D-B360-74308183AA47}"
EndProject
Project("{FAE04EC0-301F-11D3-BF4B-00C04F79EFBC}") = "DNF0803LogicalOperator", "DotNetFoundation\DNF0803LogicalOperator\DNF0803LogicalOperator.csproj", "{230E6038-29D0-494F-9D8C-9D786FFECFFB}"
EndProject
Project("{FAE04EC0-301F-11D3-BF4B-00C04F79EFBC}") = "DNF0804OtherOperator", "DotNetFoundation\DNF0804OtherOperator\DNF0804OtherOperator.csproj", "{1F97E042-66A4-4AD7-99FA-EFEE088F1875}"
EndProject
Project("{FAE04EC0-301F-11D3-BF4B-00C04F79EFBC}") = "DNF0805Chapter03Section09Question01And02", "DotNetFoundation\DNF0805Ch3Se9Q01\DNF0805Chapter03Section09Question01And02.csproj", "{7A314DA3-1F25-4439-B0A6-8607D7CCD201}"
EndProject
Project("{FAE04EC0-301F-11D3-BF4B-00C04F79EFBC}") = "DNF0806Chapter03Section09Question03And04", "DotNetFoundation\DNF0806Chapter03Section09Question02\DNF0806Chapter03Section09Question03And04.csproj", "{17DA6E93-688A-464B-A396-46E8626A562D}"
EndProject
Project("{FAE04EC0-301F-11D3-BF4B-00C04F79EFBC}") = "DNF0719Replace", "DotNetFoundation\DNF0719Replace\DNF0719Replace.csproj", "{FAE02999-7803-4655-8C84-B18D7ECF195E}"
EndProject
Project("{FAE04EC0-301F-11D3-BF4B-00C04F79EFBC}") = "DNF0807Chapter03Section09Question05And06", "DotNetFoundation\DNF0807Chapter03Section09Question05And06\DNF0807Chapter03Section09Question05And06.csproj", "{5C985F7B-FDB0-476C-8896-5815F1EC79C0}"
EndProject
Project("{FAE04EC0-301F-11D3-BF4B-00C04F79EFBC}") = "DNF0808Chapter03Section09Question08b", "DotNetFoundation\DNF0808Chapter03Section09Question08\DNF0808Chapter03Section09Question08b.csproj", "{080D6697-9F7C-4833-8E22-05A2562941E6}"
EndProject
Project("{FAE04EC0-301F-11D3-BF4B-00C04F79EFBC}") = "DNF0809Chapter03Section09Question08", "DotNetFoundation\DNF0809Chapter03Section09Question09\DNF0809Chapter03Section09Question08.csproj", "{E57923A7-D291-4FF8-995C-CFDEE5084604}"
EndProject
Project("{FAE04EC0-301F-11D3-BF4B-00C04F79EFBC}") = "DNF0810Chapter03Section09Question09", "DotNetFoundation\DNF0810Chapter03Section09Question09\DNF0810Chapter03Section09Question09.csproj", "{FBBF5E32-8D38-4A6D-97A6-06B0AA7DC2CD}"
EndProject
Project("{FAE04EC0-301F-11D3-BF4B-00C04F79EFBC}") = "F0811Chapter03Section09Question10", "DotNetFoundation\DNF0811Chapter03Section09Question10\F0811Chapter03Section09Question10.csproj", "{71680F3B-8D20-41B3-99CB-BD0D25BA9C24}"
EndProject
Project("{FAE04EC0-301F-11D3-BF4B-00C04F79EFBC}") = "F0812Chapter03Section09Question11", "DotNetFoundation\DNF0812Chapter03Section09Question11\F0812Chapter03Section09Question11.csproj", "{683841F9-5FDC-49AA-A510-8C068BB495EC}"
EndProject
Project("{2150E333-8FDC-42A3-9474-1A3956D46DE8}") = "DotNetRevit", "DotNetRevit", "{6546664A-99B1-4552-BB6F-59C93957D41A}"
EndProject
Project("{2150E333-8FDC-42A3-9474-1A3956D46DE8}") = "AlgorithmPraise", "AlgorithmPraise", "{645C5E20-4670-455F-A872-7B3F56DA53CC}"
EndProject
Project("{FAE04EC0-301F-11D3-BF4B-00C04F79EFBC}") = "F0813Chapter03Section09Question12", "DotNetFoundation\DNF0813Chapter03Section09Question12\F0813Chapter03Section09Question12.csproj", "{961E7295-FC8D-4278-9AA7-D675239E8FC5}"
EndProject
Project("{FAE04EC0-301F-11D3-BF4B-00C04F79EFBC}") = "F0814C03S09Ques13", "DotNetFoundation\F0814C03S09Ques13\F0814C03S09Ques13.csproj", "{4CBCFED6-DD73-4E2A-96BE-D6E5125B02E3}"
EndProject
Project("{FAE04EC0-301F-11D3-BF4B-00C04F79EFBC}") = "F0815C03S09Ques15Ques16", "DotNetFoundation\F0815C03S09Ques14\F0815C03S09Ques15Ques16.csproj", "{C24A259E-0AD3-41DD-8046-29F8B603DADA}"
EndProject
Project("{FAE04EC0-301F-11D3-BF4B-00C04F79EFBC}") = "F0816C03S09Ques17Ques18", "DotNetFoundation\F0816C03S09Ques15Ques17Ques18\F0816C03S09Ques17Ques18.csproj", "{A693EEEC-434B-4DAC-8B7C-7827966D6B32}"
EndProject
Project("{FAE04EC0-301F-11D3-BF4B-00C04F79EFBC}") = "F0817C03S09Ques19", "DotNetFoundation\F0817C03S09Ques19\F0817C03S09Ques19.csproj", "{8CB9C5C3-3B52-4B29-9B39-D16E6408EBB3}"
EndProject
Project("{FAE04EC0-301F-11D3-BF4B-00C04F79EFBC}") = "F0818C03S09Ques20", "DotNetFoundation\F0818C03S09Ques20\F0818C03S09Ques20.csproj", "{4ACC2BFA-884A-4523-9CBC-0BCB626D50D1}"
EndProject
Project("{FAE04EC0-301F-11D3-BF4B-00C04F79EFBC}") = "F0819C03S09Ques21", "DotNetFoundation\F0819C03S09Ques21\F0819C03S09Ques21.csproj", "{9A7DE5A0-8342-498F-AFC0-49DEEC70CF7D}"
EndProject
Project("{FAE04EC0-301F-11D3-BF4B-00C04F79EFBC}") = "F0820C03S09Ques22", "DotNetFoundation\F0820C03S09Ques22\F0820C03S09Ques22.csproj", "{518B7D86-8636-4CDC-8521-D3EA50F9EF1F}"
EndProject
Project("{FAE04EC0-301F-11D3-BF4B-00C04F79EFBC}") = "F0821C03S09Ques23", "DotNetFoundation\F0821C03S09Ques23\F0821C03S09Ques23.csproj", "{C10BF689-0F38-4A26-86B4-5F905DEBC4A5}"
EndProject
Project("{FAE04EC0-301F-11D3-BF4B-00C04F79EFBC}") = "F0822C03S09Ques24", "DotNetFoundation\F0822C03S09Ques24\F0822C03S09Ques24.csproj", "{D8281042-765D-49CC-A078-8ABE9A132127}"
EndProject
Project("{FAE04EC0-301F-11D3-BF4B-00C04F79EFBC}") = "F0823C03S09Ques25", "DotNetFoundation\F0823C03S09Ques25\F0823C03S09Ques25.csproj", "{9BEC6175-2ED1-4AD2-9807-F4360ECAB3B8}"
EndProject
Project("{FAE04EC0-301F-11D3-BF4B-00C04F79EFBC}") = "F0824C03S09Ques26Ques27", "DotNetFoundation\F0824C03S09Ques26\F0824C03S09Ques26Ques27.csproj", "{1E426530-9631-461E-AC70-B4137FAEC0B4}"
EndProject
Project("{FAE04EC0-301F-11D3-BF4B-00C04F79EFBC}") = "F0825C03S09Ques28", "DotNetFoundation\F0825C03S09Ques8\F0825C03S09Ques28.csproj", "{147A5EE0-5209-4DBE-8D0F-195E9549E157}"
EndProject
Project("{FAE04EC0-301F-11D3-BF4B-00C04F79EFBC}") = "F0826C03S09Ques29", "DotNetFoundation\F0826C03S09Ques29\F0826C03S09Ques29.csproj", "{29F4D041-4BD2-41EC-AC64-2F1791D66F74}"
EndProject
Project("{FAE04EC0-301F-11D3-BF4B-00C04F79EFBC}") = "F0827while", "DotNetFoundation\F0827while\F0827while.csproj", "{7E651D66-6848-4E43-AE60-0401E191D02E}"
EndProject
Project("{FAE04EC0-301F-11D3-BF4B-00C04F79EFBC}") = "F0828Break", "DotNetFoundation\F0828Break\F0828Break.csproj", "{8058B893-1AB6-437B-9D71-DA7C46FBE1D9}"
EndProject
Project("{FAE04EC0-301F-11D3-BF4B-00C04F79EFBC}") = "F0829Continue", "DotNetFoundation\F0829Continue\F0829Continue.csproj", "{4EB4E10B-94F4-4213-A246-AACC9AF2D7C7}"
EndProject
Project("{FAE04EC0-301F-11D3-BF4B-00C04F79EFBC}") = "F0830Goto", "DotNetFoundation\F0830Goto\F0830Goto.csproj", "{DBA81B29-5E16-48D2-9F2F-D5C6139C3691}"
EndProject
Project("{FAE04EC0-301F-11D3-BF4B-00C04F79EFBC}") = "F0831Return", "DotNetFoundation\F0831Return\F0831Return.csproj", "{021C0C70-8051-4A53-A0FC-E63AC91FA3C3}"
EndProject
Project("{FAE04EC0-301F-11D3-BF4B-00C04F79EFBC}") = "F0832TryCatchFinally", "DotNetFoundation\F0832TryCatchFinally\F0832TryCatchFinally.csproj", "{80F2807C-F553-4955-9E7F-553289A42E13}"
EndProject
Project("{FAE04EC0-301F-11D3-BF4B-00C04F79EFBC}") = "F0833Throw", "DotNetFoundation\F0833Throw\F0833Throw.csproj", "{77530E18-BC42-4541-849D-9CBAB819D60F}"
EndProject
Global
	GlobalSection(SolutionConfigurationPlatforms) = preSolution
		Debug|Any CPU = Debug|Any CPU
		Release|Any CPU = Release|Any CPU
	EndGlobalSection
	GlobalSection(ProjectConfigurationPlatforms) = postSolution
		{578E200D-39A1-467B-8CEA-F3632F6A010B}.Debug|Any CPU.ActiveCfg = Debug|Any CPU
		{578E200D-39A1-467B-8CEA-F3632F6A010B}.Debug|Any CPU.Build.0 = Debug|Any CPU
		{578E200D-39A1-467B-8CEA-F3632F6A010B}.Release|Any CPU.ActiveCfg = Release|Any CPU
		{578E200D-39A1-467B-8CEA-F3632F6A010B}.Release|Any CPU.Build.0 = Release|Any CPU
		{7975B621-1967-42B4-AD6D-FB89AA5C24FB}.Debug|Any CPU.ActiveCfg = Debug|Any CPU
		{7975B621-1967-42B4-AD6D-FB89AA5C24FB}.Debug|Any CPU.Build.0 = Debug|Any CPU
		{7975B621-1967-42B4-AD6D-FB89AA5C24FB}.Release|Any CPU.ActiveCfg = Release|Any CPU
		{7975B621-1967-42B4-AD6D-FB89AA5C24FB}.Release|Any CPU.Build.0 = Release|Any CPU
		{ECDD7708-70CE-44D7-9533-90BEC43934E6}.Debug|Any CPU.ActiveCfg = Debug|Any CPU
		{ECDD7708-70CE-44D7-9533-90BEC43934E6}.Debug|Any CPU.Build.0 = Debug|Any CPU
		{ECDD7708-70CE-44D7-9533-90BEC43934E6}.Release|Any CPU.ActiveCfg = Release|Any CPU
		{ECDD7708-70CE-44D7-9533-90BEC43934E6}.Release|Any CPU.Build.0 = Release|Any CPU
		{C1B181EB-0ABA-4774-A90F-188288D91597}.Debug|Any CPU.ActiveCfg = Debug|Any CPU
		{C1B181EB-0ABA-4774-A90F-188288D91597}.Debug|Any CPU.Build.0 = Debug|Any CPU
		{C1B181EB-0ABA-4774-A90F-188288D91597}.Release|Any CPU.ActiveCfg = Release|Any CPU
		{C1B181EB-0ABA-4774-A90F-188288D91597}.Release|Any CPU.Build.0 = Release|Any CPU
		{01651330-C7F3-469F-8AC7-EE5944E71172}.Debug|Any CPU.ActiveCfg = Debug|Any CPU
		{01651330-C7F3-469F-8AC7-EE5944E71172}.Debug|Any CPU.Build.0 = Debug|Any CPU
		{01651330-C7F3-469F-8AC7-EE5944E71172}.Release|Any CPU.ActiveCfg = Release|Any CPU
		{01651330-C7F3-469F-8AC7-EE5944E71172}.Release|Any CPU.Build.0 = Release|Any CPU
		{A5D9B2C0-620F-4B53-B3B1-8D417CC2A75F}.Debug|Any CPU.ActiveCfg = Debug|Any CPU
		{A5D9B2C0-620F-4B53-B3B1-8D417CC2A75F}.Debug|Any CPU.Build.0 = Debug|Any CPU
		{A5D9B2C0-620F-4B53-B3B1-8D417CC2A75F}.Release|Any CPU.ActiveCfg = Release|Any CPU
		{A5D9B2C0-620F-4B53-B3B1-8D417CC2A75F}.Release|Any CPU.Build.0 = Release|Any CPU
		{3F8DB183-0C81-43CE-8DD3-21ED99E2A138}.Debug|Any CPU.ActiveCfg = Debug|Any CPU
		{3F8DB183-0C81-43CE-8DD3-21ED99E2A138}.Debug|Any CPU.Build.0 = Debug|Any CPU
		{3F8DB183-0C81-43CE-8DD3-21ED99E2A138}.Release|Any CPU.ActiveCfg = Release|Any CPU
		{3F8DB183-0C81-43CE-8DD3-21ED99E2A138}.Release|Any CPU.Build.0 = Release|Any CPU
		{E2521610-6F70-48E2-BAFD-1C427DC82CA0}.Debug|Any CPU.ActiveCfg = Debug|Any CPU
		{E2521610-6F70-48E2-BAFD-1C427DC82CA0}.Debug|Any CPU.Build.0 = Debug|Any CPU
		{E2521610-6F70-48E2-BAFD-1C427DC82CA0}.Release|Any CPU.ActiveCfg = Release|Any CPU
		{E2521610-6F70-48E2-BAFD-1C427DC82CA0}.Release|Any CPU.Build.0 = Release|Any CPU
		{557CDE44-9089-4A4E-8D1F-A5DC57A97F9C}.Debug|Any CPU.ActiveCfg = Debug|Any CPU
		{557CDE44-9089-4A4E-8D1F-A5DC57A97F9C}.Debug|Any CPU.Build.0 = Debug|Any CPU
		{557CDE44-9089-4A4E-8D1F-A5DC57A97F9C}.Release|Any CPU.ActiveCfg = Release|Any CPU
		{557CDE44-9089-4A4E-8D1F-A5DC57A97F9C}.Release|Any CPU.Build.0 = Release|Any CPU
		{4BF1E276-CA8E-48EE-AC4E-75287ADE7C76}.Debug|Any CPU.ActiveCfg = Debug|Any CPU
		{4BF1E276-CA8E-48EE-AC4E-75287ADE7C76}.Debug|Any CPU.Build.0 = Debug|Any CPU
		{4BF1E276-CA8E-48EE-AC4E-75287ADE7C76}.Release|Any CPU.ActiveCfg = Release|Any CPU
		{4BF1E276-CA8E-48EE-AC4E-75287ADE7C76}.Release|Any CPU.Build.0 = Release|Any CPU
		{D61F0CD6-D284-4765-976B-4F9EF7B7F602}.Debug|Any CPU.ActiveCfg = Debug|Any CPU
		{D61F0CD6-D284-4765-976B-4F9EF7B7F602}.Debug|Any CPU.Build.0 = Debug|Any CPU
		{D61F0CD6-D284-4765-976B-4F9EF7B7F602}.Release|Any CPU.ActiveCfg = Release|Any CPU
		{D61F0CD6-D284-4765-976B-4F9EF7B7F602}.Release|Any CPU.Build.0 = Release|Any CPU
		{E3C7996C-63F1-4D82-89C0-CCAF52D0F1EB}.Debug|Any CPU.ActiveCfg = Debug|Any CPU
		{E3C7996C-63F1-4D82-89C0-CCAF52D0F1EB}.Debug|Any CPU.Build.0 = Debug|Any CPU
		{E3C7996C-63F1-4D82-89C0-CCAF52D0F1EB}.Release|Any CPU.ActiveCfg = Release|Any CPU
		{E3C7996C-63F1-4D82-89C0-CCAF52D0F1EB}.Release|Any CPU.Build.0 = Release|Any CPU
		{92C5FE97-7050-4801-9462-3B8848D6BC6A}.Debug|Any CPU.ActiveCfg = Debug|Any CPU
		{92C5FE97-7050-4801-9462-3B8848D6BC6A}.Debug|Any CPU.Build.0 = Debug|Any CPU
		{92C5FE97-7050-4801-9462-3B8848D6BC6A}.Release|Any CPU.ActiveCfg = Release|Any CPU
		{92C5FE97-7050-4801-9462-3B8848D6BC6A}.Release|Any CPU.Build.0 = Release|Any CPU
		{9961635F-DAB5-46D0-840E-945B01B4AC7E}.Debug|Any CPU.ActiveCfg = Debug|Any CPU
		{9961635F-DAB5-46D0-840E-945B01B4AC7E}.Debug|Any CPU.Build.0 = Debug|Any CPU
		{9961635F-DAB5-46D0-840E-945B01B4AC7E}.Release|Any CPU.ActiveCfg = Release|Any CPU
		{9961635F-DAB5-46D0-840E-945B01B4AC7E}.Release|Any CPU.Build.0 = Release|Any CPU
		{35F8E22E-33D4-48C1-9D19-C28166AFDF85}.Debug|Any CPU.ActiveCfg = Debug|Any CPU
		{35F8E22E-33D4-48C1-9D19-C28166AFDF85}.Debug|Any CPU.Build.0 = Debug|Any CPU
		{35F8E22E-33D4-48C1-9D19-C28166AFDF85}.Release|Any CPU.ActiveCfg = Release|Any CPU
		{35F8E22E-33D4-48C1-9D19-C28166AFDF85}.Release|Any CPU.Build.0 = Release|Any CPU
		{B10458C9-070B-48FA-9AA9-CF4EC438CCB5}.Debug|Any CPU.ActiveCfg = Debug|Any CPU
		{B10458C9-070B-48FA-9AA9-CF4EC438CCB5}.Debug|Any CPU.Build.0 = Debug|Any CPU
		{B10458C9-070B-48FA-9AA9-CF4EC438CCB5}.Release|Any CPU.ActiveCfg = Release|Any CPU
		{B10458C9-070B-48FA-9AA9-CF4EC438CCB5}.Release|Any CPU.Build.0 = Release|Any CPU
		{F1F4676F-61CF-4F2C-84BD-86227C2DECE1}.Debug|Any CPU.ActiveCfg = Debug|Any CPU
		{F1F4676F-61CF-4F2C-84BD-86227C2DECE1}.Debug|Any CPU.Build.0 = Debug|Any CPU
		{F1F4676F-61CF-4F2C-84BD-86227C2DECE1}.Release|Any CPU.ActiveCfg = Release|Any CPU
		{F1F4676F-61CF-4F2C-84BD-86227C2DECE1}.Release|Any CPU.Build.0 = Release|Any CPU
		{DA0B5907-2CAB-4EF7-8FC2-BDE24B671908}.Debug|Any CPU.ActiveCfg = Debug|Any CPU
		{DA0B5907-2CAB-4EF7-8FC2-BDE24B671908}.Debug|Any CPU.Build.0 = Debug|Any CPU
		{DA0B5907-2CAB-4EF7-8FC2-BDE24B671908}.Release|Any CPU.ActiveCfg = Release|Any CPU
		{DA0B5907-2CAB-4EF7-8FC2-BDE24B671908}.Release|Any CPU.Build.0 = Release|Any CPU
		{A7B0133C-887A-449D-B360-74308183AA47}.Debug|Any CPU.ActiveCfg = Debug|Any CPU
		{A7B0133C-887A-449D-B360-74308183AA47}.Debug|Any CPU.Build.0 = Debug|Any CPU
		{A7B0133C-887A-449D-B360-74308183AA47}.Release|Any CPU.ActiveCfg = Release|Any CPU
		{A7B0133C-887A-449D-B360-74308183AA47}.Release|Any CPU.Build.0 = Release|Any CPU
		{230E6038-29D0-494F-9D8C-9D786FFECFFB}.Debug|Any CPU.ActiveCfg = Debug|Any CPU
		{230E6038-29D0-494F-9D8C-9D786FFECFFB}.Debug|Any CPU.Build.0 = Debug|Any CPU
		{230E6038-29D0-494F-9D8C-9D786FFECFFB}.Release|Any CPU.ActiveCfg = Release|Any CPU
		{230E6038-29D0-494F-9D8C-9D786FFECFFB}.Release|Any CPU.Build.0 = Release|Any CPU
		{1F97E042-66A4-4AD7-99FA-EFEE088F1875}.Debug|Any CPU.ActiveCfg = Debug|Any CPU
		{1F97E042-66A4-4AD7-99FA-EFEE088F1875}.Debug|Any CPU.Build.0 = Debug|Any CPU
		{1F97E042-66A4-4AD7-99FA-EFEE088F1875}.Release|Any CPU.ActiveCfg = Release|Any CPU
		{1F97E042-66A4-4AD7-99FA-EFEE088F1875}.Release|Any CPU.Build.0 = Release|Any CPU
		{7A314DA3-1F25-4439-B0A6-8607D7CCD201}.Debug|Any CPU.ActiveCfg = Debug|Any CPU
		{7A314DA3-1F25-4439-B0A6-8607D7CCD201}.Debug|Any CPU.Build.0 = Debug|Any CPU
		{7A314DA3-1F25-4439-B0A6-8607D7CCD201}.Release|Any CPU.ActiveCfg = Release|Any CPU
		{7A314DA3-1F25-4439-B0A6-8607D7CCD201}.Release|Any CPU.Build.0 = Release|Any CPU
		{17DA6E93-688A-464B-A396-46E8626A562D}.Debug|Any CPU.ActiveCfg = Debug|Any CPU
		{17DA6E93-688A-464B-A396-46E8626A562D}.Debug|Any CPU.Build.0 = Debug|Any CPU
		{17DA6E93-688A-464B-A396-46E8626A562D}.Release|Any CPU.ActiveCfg = Release|Any CPU
		{17DA6E93-688A-464B-A396-46E8626A562D}.Release|Any CPU.Build.0 = Release|Any CPU
		{FAE02999-7803-4655-8C84-B18D7ECF195E}.Debug|Any CPU.ActiveCfg = Debug|Any CPU
		{FAE02999-7803-4655-8C84-B18D7ECF195E}.Debug|Any CPU.Build.0 = Debug|Any CPU
		{FAE02999-7803-4655-8C84-B18D7ECF195E}.Release|Any CPU.ActiveCfg = Release|Any CPU
		{FAE02999-7803-4655-8C84-B18D7ECF195E}.Release|Any CPU.Build.0 = Release|Any CPU
		{5C985F7B-FDB0-476C-8896-5815F1EC79C0}.Debug|Any CPU.ActiveCfg = Debug|Any CPU
		{5C985F7B-FDB0-476C-8896-5815F1EC79C0}.Debug|Any CPU.Build.0 = Debug|Any CPU
		{5C985F7B-FDB0-476C-8896-5815F1EC79C0}.Release|Any CPU.ActiveCfg = Release|Any CPU
		{5C985F7B-FDB0-476C-8896-5815F1EC79C0}.Release|Any CPU.Build.0 = Release|Any CPU
		{080D6697-9F7C-4833-8E22-05A2562941E6}.Debug|Any CPU.ActiveCfg = Debug|Any CPU
		{080D6697-9F7C-4833-8E22-05A2562941E6}.Debug|Any CPU.Build.0 = Debug|Any CPU
		{080D6697-9F7C-4833-8E22-05A2562941E6}.Release|Any CPU.ActiveCfg = Release|Any CPU
		{080D6697-9F7C-4833-8E22-05A2562941E6}.Release|Any CPU.Build.0 = Release|Any CPU
		{E57923A7-D291-4FF8-995C-CFDEE5084604}.Debug|Any CPU.ActiveCfg = Debug|Any CPU
		{E57923A7-D291-4FF8-995C-CFDEE5084604}.Debug|Any CPU.Build.0 = Debug|Any CPU
		{E57923A7-D291-4FF8-995C-CFDEE5084604}.Release|Any CPU.ActiveCfg = Release|Any CPU
		{E57923A7-D291-4FF8-995C-CFDEE5084604}.Release|Any CPU.Build.0 = Release|Any CPU
		{FBBF5E32-8D38-4A6D-97A6-06B0AA7DC2CD}.Debug|Any CPU.ActiveCfg = Debug|Any CPU
		{FBBF5E32-8D38-4A6D-97A6-06B0AA7DC2CD}.Debug|Any CPU.Build.0 = Debug|Any CPU
		{FBBF5E32-8D38-4A6D-97A6-06B0AA7DC2CD}.Release|Any CPU.ActiveCfg = Release|Any CPU
		{FBBF5E32-8D38-4A6D-97A6-06B0AA7DC2CD}.Release|Any CPU.Build.0 = Release|Any CPU
		{71680F3B-8D20-41B3-99CB-BD0D25BA9C24}.Debug|Any CPU.ActiveCfg = Debug|Any CPU
		{71680F3B-8D20-41B3-99CB-BD0D25BA9C24}.Debug|Any CPU.Build.0 = Debug|Any CPU
		{71680F3B-8D20-41B3-99CB-BD0D25BA9C24}.Release|Any CPU.ActiveCfg = Release|Any CPU
		{71680F3B-8D20-41B3-99CB-BD0D25BA9C24}.Release|Any CPU.Build.0 = Release|Any CPU
		{683841F9-5FDC-49AA-A510-8C068BB495EC}.Debug|Any CPU.ActiveCfg = Debug|Any CPU
		{683841F9-5FDC-49AA-A510-8C068BB495EC}.Debug|Any CPU.Build.0 = Debug|Any CPU
		{683841F9-5FDC-49AA-A510-8C068BB495EC}.Release|Any CPU.ActiveCfg = Release|Any CPU
		{683841F9-5FDC-49AA-A510-8C068BB495EC}.Release|Any CPU.Build.0 = Release|Any CPU
		{961E7295-FC8D-4278-9AA7-D675239E8FC5}.Debug|Any CPU.ActiveCfg = Debug|Any CPU
		{961E7295-FC8D-4278-9AA7-D675239E8FC5}.Debug|Any CPU.Build.0 = Debug|Any CPU
		{961E7295-FC8D-4278-9AA7-D675239E8FC5}.Release|Any CPU.ActiveCfg = Release|Any CPU
		{961E7295-FC8D-4278-9AA7-D675239E8FC5}.Release|Any CPU.Build.0 = Release|Any CPU
		{4CBCFED6-DD73-4E2A-96BE-D6E5125B02E3}.Debug|Any CPU.ActiveCfg = Debug|Any CPU
		{4CBCFED6-DD73-4E2A-96BE-D6E5125B02E3}.Debug|Any CPU.Build.0 = Debug|Any CPU
		{4CBCFED6-DD73-4E2A-96BE-D6E5125B02E3}.Release|Any CPU.ActiveCfg = Release|Any CPU
		{4CBCFED6-DD73-4E2A-96BE-D6E5125B02E3}.Release|Any CPU.Build.0 = Release|Any CPU
		{C24A259E-0AD3-41DD-8046-29F8B603DADA}.Debug|Any CPU.ActiveCfg = Debug|Any CPU
		{C24A259E-0AD3-41DD-8046-29F8B603DADA}.Debug|Any CPU.Build.0 = Debug|Any CPU
		{C24A259E-0AD3-41DD-8046-29F8B603DADA}.Release|Any CPU.ActiveCfg = Release|Any CPU
		{C24A259E-0AD3-41DD-8046-29F8B603DADA}.Release|Any CPU.Build.0 = Release|Any CPU
		{A693EEEC-434B-4DAC-8B7C-7827966D6B32}.Debug|Any CPU.ActiveCfg = Debug|Any CPU
		{A693EEEC-434B-4DAC-8B7C-7827966D6B32}.Debug|Any CPU.Build.0 = Debug|Any CPU
		{A693EEEC-434B-4DAC-8B7C-7827966D6B32}.Release|Any CPU.ActiveCfg = Release|Any CPU
		{A693EEEC-434B-4DAC-8B7C-7827966D6B32}.Release|Any CPU.Build.0 = Release|Any CPU
		{8CB9C5C3-3B52-4B29-9B39-D16E6408EBB3}.Debug|Any CPU.ActiveCfg = Debug|Any CPU
		{8CB9C5C3-3B52-4B29-9B39-D16E6408EBB3}.Debug|Any CPU.Build.0 = Debug|Any CPU
		{8CB9C5C3-3B52-4B29-9B39-D16E6408EBB3}.Release|Any CPU.ActiveCfg = Release|Any CPU
		{8CB9C5C3-3B52-4B29-9B39-D16E6408EBB3}.Release|Any CPU.Build.0 = Release|Any CPU
		{4ACC2BFA-884A-4523-9CBC-0BCB626D50D1}.Debug|Any CPU.ActiveCfg = Debug|Any CPU
		{4ACC2BFA-884A-4523-9CBC-0BCB626D50D1}.Debug|Any CPU.Build.0 = Debug|Any CPU
		{4ACC2BFA-884A-4523-9CBC-0BCB626D50D1}.Release|Any CPU.ActiveCfg = Release|Any CPU
		{4ACC2BFA-884A-4523-9CBC-0BCB626D50D1}.Release|Any CPU.Build.0 = Release|Any CPU
		{9A7DE5A0-8342-498F-AFC0-49DEEC70CF7D}.Debug|Any CPU.ActiveCfg = Debug|Any CPU
		{9A7DE5A0-8342-498F-AFC0-49DEEC70CF7D}.Debug|Any CPU.Build.0 = Debug|Any CPU
		{9A7DE5A0-8342-498F-AFC0-49DEEC70CF7D}.Release|Any CPU.ActiveCfg = Release|Any CPU
		{9A7DE5A0-8342-498F-AFC0-49DEEC70CF7D}.Release|Any CPU.Build.0 = Release|Any CPU
		{518B7D86-8636-4CDC-8521-D3EA50F9EF1F}.Debug|Any CPU.ActiveCfg = Debug|Any CPU
		{518B7D86-8636-4CDC-8521-D3EA50F9EF1F}.Debug|Any CPU.Build.0 = Debug|Any CPU
		{518B7D86-8636-4CDC-8521-D3EA50F9EF1F}.Release|Any CPU.ActiveCfg = Release|Any CPU
		{518B7D86-8636-4CDC-8521-D3EA50F9EF1F}.Release|Any CPU.Build.0 = Release|Any CPU
		{C10BF689-0F38-4A26-86B4-5F905DEBC4A5}.Debug|Any CPU.ActiveCfg = Debug|Any CPU
		{C10BF689-0F38-4A26-86B4-5F905DEBC4A5}.Debug|Any CPU.Build.0 = Debug|Any CPU
		{C10BF689-0F38-4A26-86B4-5F905DEBC4A5}.Release|Any CPU.ActiveCfg = Release|Any CPU
		{C10BF689-0F38-4A26-86B4-5F905DEBC4A5}.Release|Any CPU.Build.0 = Release|Any CPU
		{D8281042-765D-49CC-A078-8ABE9A132127}.Debug|Any CPU.ActiveCfg = Debug|Any CPU
		{D8281042-765D-49CC-A078-8ABE9A132127}.Debug|Any CPU.Build.0 = Debug|Any CPU
		{D8281042-765D-49CC-A078-8ABE9A132127}.Release|Any CPU.ActiveCfg = Release|Any CPU
		{D8281042-765D-49CC-A078-8ABE9A132127}.Release|Any CPU.Build.0 = Release|Any CPU
		{9BEC6175-2ED1-4AD2-9807-F4360ECAB3B8}.Debug|Any CPU.ActiveCfg = Debug|Any CPU
		{9BEC6175-2ED1-4AD2-9807-F4360ECAB3B8}.Debug|Any CPU.Build.0 = Debug|Any CPU
		{9BEC6175-2ED1-4AD2-9807-F4360ECAB3B8}.Release|Any CPU.ActiveCfg = Release|Any CPU
		{9BEC6175-2ED1-4AD2-9807-F4360ECAB3B8}.Release|Any CPU.Build.0 = Release|Any CPU
		{1E426530-9631-461E-AC70-B4137FAEC0B4}.Debug|Any CPU.ActiveCfg = Debug|Any CPU
		{1E426530-9631-461E-AC70-B4137FAEC0B4}.Debug|Any CPU.Build.0 = Debug|Any CPU
		{1E426530-9631-461E-AC70-B4137FAEC0B4}.Release|Any CPU.ActiveCfg = Release|Any CPU
		{1E426530-9631-461E-AC70-B4137FAEC0B4}.Release|Any CPU.Build.0 = Release|Any CPU
		{147A5EE0-5209-4DBE-8D0F-195E9549E157}.Debug|Any CPU.ActiveCfg = Debug|Any CPU
		{147A5EE0-5209-4DBE-8D0F-195E9549E157}.Debug|Any CPU.Build.0 = Debug|Any CPU
		{147A5EE0-5209-4DBE-8D0F-195E9549E157}.Release|Any CPU.ActiveCfg = Release|Any CPU
		{147A5EE0-5209-4DBE-8D0F-195E9549E157}.Release|Any CPU.Build.0 = Release|Any CPU
		{29F4D041-4BD2-41EC-AC64-2F1791D66F74}.Debug|Any CPU.ActiveCfg = Debug|Any CPU
		{29F4D041-4BD2-41EC-AC64-2F1791D66F74}.Debug|Any CPU.Build.0 = Debug|Any CPU
		{29F4D041-4BD2-41EC-AC64-2F1791D66F74}.Release|Any CPU.ActiveCfg = Release|Any CPU
		{29F4D041-4BD2-41EC-AC64-2F1791D66F74}.Release|Any CPU.Build.0 = Release|Any CPU
		{7E651D66-6848-4E43-AE60-0401E191D02E}.Debug|Any CPU.ActiveCfg = Debug|Any CPU
		{7E651D66-6848-4E43-AE60-0401E191D02E}.Debug|Any CPU.Build.0 = Debug|Any CPU
		{7E651D66-6848-4E43-AE60-0401E191D02E}.Release|Any CPU.ActiveCfg = Release|Any CPU
		{7E651D66-6848-4E43-AE60-0401E191D02E}.Release|Any CPU.Build.0 = Release|Any CPU
		{8058B893-1AB6-437B-9D71-DA7C46FBE1D9}.Debug|Any CPU.ActiveCfg = Debug|Any CPU
		{8058B893-1AB6-437B-9D71-DA7C46FBE1D9}.Debug|Any CPU.Build.0 = Debug|Any CPU
		{8058B893-1AB6-437B-9D71-DA7C46FBE1D9}.Release|Any CPU.ActiveCfg = Release|Any CPU
		{8058B893-1AB6-437B-9D71-DA7C46FBE1D9}.Release|Any CPU.Build.0 = Release|Any CPU
		{4EB4E10B-94F4-4213-A246-AACC9AF2D7C7}.Debug|Any CPU.ActiveCfg = Debug|Any CPU
		{4EB4E10B-94F4-4213-A246-AACC9AF2D7C7}.Debug|Any CPU.Build.0 = Debug|Any CPU
		{4EB4E10B-94F4-4213-A246-AACC9AF2D7C7}.Release|Any CPU.ActiveCfg = Release|Any CPU
		{4EB4E10B-94F4-4213-A246-AACC9AF2D7C7}.Release|Any CPU.Build.0 = Release|Any CPU
		{DBA81B29-5E16-48D2-9F2F-D5C6139C3691}.Debug|Any CPU.ActiveCfg = Debug|Any CPU
		{DBA81B29-5E16-48D2-9F2F-D5C6139C3691}.Debug|Any CPU.Build.0 = Debug|Any CPU
		{DBA81B29-5E16-48D2-9F2F-D5C6139C3691}.Release|Any CPU.ActiveCfg = Release|Any CPU
		{DBA81B29-5E16-48D2-9F2F-D5C6139C3691}.Release|Any CPU.Build.0 = Release|Any CPU
		{021C0C70-8051-4A53-A0FC-E63AC91FA3C3}.Debug|Any CPU.ActiveCfg = Debug|Any CPU
		{021C0C70-8051-4A53-A0FC-E63AC91FA3C3}.Debug|Any CPU.Build.0 = Debug|Any CPU
		{021C0C70-8051-4A53-A0FC-E63AC91FA3C3}.Release|Any CPU.ActiveCfg = Release|Any CPU
		{021C0C70-8051-4A53-A0FC-E63AC91FA3C3}.Release|Any CPU.Build.0 = Release|Any CPU
		{80F2807C-F553-4955-9E7F-553289A42E13}.Debug|Any CPU.ActiveCfg = Debug|Any CPU
		{80F2807C-F553-4955-9E7F-553289A42E13}.Debug|Any CPU.Build.0 = Debug|Any CPU
		{80F2807C-F553-4955-9E7F-553289A42E13}.Release|Any CPU.ActiveCfg = Release|Any CPU
		{80F2807C-F553-4955-9E7F-553289A42E13}.Release|Any CPU.Build.0 = Release|Any CPU
		{77530E18-BC42-4541-849D-9CBAB819D60F}.Debug|Any CPU.ActiveCfg = Debug|Any CPU
		{77530E18-BC42-4541-849D-9CBAB819D60F}.Debug|Any CPU.Build.0 = Debug|Any CPU
		{77530E18-BC42-4541-849D-9CBAB819D60F}.Release|Any CPU.ActiveCfg = Release|Any CPU
		{77530E18-BC42-4541-849D-9CBAB819D60F}.Release|Any CPU.Build.0 = Release|Any CPU
	EndGlobalSection
	GlobalSection(SolutionProperties) = preSolution
		HideSolutionNode = FALSE
	EndGlobalSection
	GlobalSection(NestedProjects) = preSolution
		{578E200D-39A1-467B-8CEA-F3632F6A010B} = {6546664A-99B1-4552-BB6F-59C93957D41A}
		{7975B621-1967-42B4-AD6D-FB89AA5C24FB} = {3E42B64F-9ED1-4E03-8FED-A15A7C8AF998}
		{ECDD7708-70CE-44D7-9533-90BEC43934E6} = {3E42B64F-9ED1-4E03-8FED-A15A7C8AF998}
		{C1B181EB-0ABA-4774-A90F-188288D91597} = {3E42B64F-9ED1-4E03-8FED-A15A7C8AF998}
		{01651330-C7F3-469F-8AC7-EE5944E71172} = {3E42B64F-9ED1-4E03-8FED-A15A7C8AF998}
		{A5D9B2C0-620F-4B53-B3B1-8D417CC2A75F} = {3E42B64F-9ED1-4E03-8FED-A15A7C8AF998}
		{3F8DB183-0C81-43CE-8DD3-21ED99E2A138} = {3E42B64F-9ED1-4E03-8FED-A15A7C8AF998}
		{E2521610-6F70-48E2-BAFD-1C427DC82CA0} = {3E42B64F-9ED1-4E03-8FED-A15A7C8AF998}
		{557CDE44-9089-4A4E-8D1F-A5DC57A97F9C} = {3E42B64F-9ED1-4E03-8FED-A15A7C8AF998}
		{4BF1E276-CA8E-48EE-AC4E-75287ADE7C76} = {3E42B64F-9ED1-4E03-8FED-A15A7C8AF998}
		{D61F0CD6-D284-4765-976B-4F9EF7B7F602} = {3E42B64F-9ED1-4E03-8FED-A15A7C8AF998}
		{E3C7996C-63F1-4D82-89C0-CCAF52D0F1EB} = {3E42B64F-9ED1-4E03-8FED-A15A7C8AF998}
		{92C5FE97-7050-4801-9462-3B8848D6BC6A} = {3E42B64F-9ED1-4E03-8FED-A15A7C8AF998}
		{9961635F-DAB5-46D0-840E-945B01B4AC7E} = {3E42B64F-9ED1-4E03-8FED-A15A7C8AF998}
		{35F8E22E-33D4-48C1-9D19-C28166AFDF85} = {3E42B64F-9ED1-4E03-8FED-A15A7C8AF998}
		{B10458C9-070B-48FA-9AA9-CF4EC438CCB5} = {3E42B64F-9ED1-4E03-8FED-A15A7C8AF998}
		{F1F4676F-61CF-4F2C-84BD-86227C2DECE1} = {3E42B64F-9ED1-4E03-8FED-A15A7C8AF998}
		{DA0B5907-2CAB-4EF7-8FC2-BDE24B671908} = {3E42B64F-9ED1-4E03-8FED-A15A7C8AF998}
		{A7B0133C-887A-449D-B360-74308183AA47} = {3E42B64F-9ED1-4E03-8FED-A15A7C8AF998}
		{230E6038-29D0-494F-9D8C-9D786FFECFFB} = {3E42B64F-9ED1-4E03-8FED-A15A7C8AF998}
		{1F97E042-66A4-4AD7-99FA-EFEE088F1875} = {3E42B64F-9ED1-4E03-8FED-A15A7C8AF998}
		{7A314DA3-1F25-4439-B0A6-8607D7CCD201} = {3E42B64F-9ED1-4E03-8FED-A15A7C8AF998}
		{17DA6E93-688A-464B-A396-46E8626A562D} = {3E42B64F-9ED1-4E03-8FED-A15A7C8AF998}
		{FAE02999-7803-4655-8C84-B18D7ECF195E} = {3E42B64F-9ED1-4E03-8FED-A15A7C8AF998}
		{5C985F7B-FDB0-476C-8896-5815F1EC79C0} = {3E42B64F-9ED1-4E03-8FED-A15A7C8AF998}
		{080D6697-9F7C-4833-8E22-05A2562941E6} = {3E42B64F-9ED1-4E03-8FED-A15A7C8AF998}
		{E57923A7-D291-4FF8-995C-CFDEE5084604} = {3E42B64F-9ED1-4E03-8FED-A15A7C8AF998}
		{FBBF5E32-8D38-4A6D-97A6-06B0AA7DC2CD} = {3E42B64F-9ED1-4E03-8FED-A15A7C8AF998}
		{71680F3B-8D20-41B3-99CB-BD0D25BA9C24} = {3E42B64F-9ED1-4E03-8FED-A15A7C8AF998}
		{683841F9-5FDC-49AA-A510-8C068BB495EC} = {3E42B64F-9ED1-4E03-8FED-A15A7C8AF998}
		{961E7295-FC8D-4278-9AA7-D675239E8FC5} = {3E42B64F-9ED1-4E03-8FED-A15A7C8AF998}
		{4CBCFED6-DD73-4E2A-96BE-D6E5125B02E3} = {3E42B64F-9ED1-4E03-8FED-A15A7C8AF998}
		{C24A259E-0AD3-41DD-8046-29F8B603DADA} = {3E42B64F-9ED1-4E03-8FED-A15A7C8AF998}
		{A693EEEC-434B-4DAC-8B7C-7827966D6B32} = {3E42B64F-9ED1-4E03-8FED-A15A7C8AF998}
		{8CB9C5C3-3B52-4B29-9B39-D16E6408EBB3} = {3E42B64F-9ED1-4E03-8FED-A15A7C8AF998}
		{4ACC2BFA-884A-4523-9CBC-0BCB626D50D1} = {3E42B64F-9ED1-4E03-8FED-A15A7C8AF998}
		{9A7DE5A0-8342-498F-AFC0-49DEEC70CF7D} = {3E42B64F-9ED1-4E03-8FED-A15A7C8AF998}
		{518B7D86-8636-4CDC-8521-D3EA50F9EF1F} = {3E42B64F-9ED1-4E03-8FED-A15A7C8AF998}
		{C10BF689-0F38-4A26-86B4-5F905DEBC4A5} = {3E42B64F-9ED1-4E03-8FED-A15A7C8AF998}
		{D8281042-765D-49CC-A078-8ABE9A132127} = {3E42B64F-9ED1-4E03-8FED-A15A7C8AF998}
		{9BEC6175-2ED1-4AD2-9807-F4360ECAB3B8} = {3E42B64F-9ED1-4E03-8FED-A15A7C8AF998}
		{1E426530-9631-461E-AC70-B4137FAEC0B4} = {3E42B64F-9ED1-4E03-8FED-A15A7C8AF998}
		{147A5EE0-5209-4DBE-8D0F-195E9549E157} = {3E42B64F-9ED1-4E03-8FED-A15A7C8AF998}
		{29F4D041-4BD2-41EC-AC64-2F1791D66F74} = {3E42B64F-9ED1-4E03-8FED-A15A7C8AF998}
		{7E651D66-6848-4E43-AE60-0401E191D02E} = {3E42B64F-9ED1-4E03-8FED-A15A7C8AF998}
		{8058B893-1AB6-437B-9D71-DA7C46FBE1D9} = {3E42B64F-9ED1-4E03-8FED-A15A7C8AF998}
		{4EB4E10B-94F4-4213-A246-AACC9AF2D7C7} = {3E42B64F-9ED1-4E03-8FED-A15A7C8AF998}
		{DBA81B29-5E16-48D2-9F2F-D5C6139C3691} = {3E42B64F-9ED1-4E03-8FED-A15A7C8AF998}
		{021C0C70-8051-4A53-A0FC-E63AC91FA3C3} = {3E42B64F-9ED1-4E03-8FED-A15A7C8AF998}
		{80F2807C-F553-4955-9E7F-553289A42E13} = {3E42B64F-9ED1-4E03-8FED-A15A7C8AF998}
		{77530E18-BC42-4541-849D-9CBAB819D60F} = {3E42B64F-9ED1-4E03-8FED-A15A7C8AF998}
	EndGlobalSection
	GlobalSection(ExtensibilityGlobals) = postSolution
		SolutionGuid = {3AD925E7-74B9-4ED0-8CEA-2E354AEAED41}
	EndGlobalSection
EndGlobal
