
Microsoft Visual Studio Solution File, Format Version 12.00
# Visual Studio 15
VisualStudioVersion = 15.0.28307.960
MinimumVisualStudioVersion = 10.0.40219.1
Project("{FAE04EC0-301F-11D3-BF4B-00C04F79EFBC}") = "ExerciseProject", "ExerciseProject\ExerciseProject.csproj", "{578E200D-39A1-467B-8CEA-F3632F6A010B}"
EndProject
Project("{FAE04EC0-301F-11D3-BF4B-00C04F79EFBC}") = "0201ArrayList", "A0201ArrayList\0201ArrayList.csproj", "{7975B621-1967-42B4-AD6D-FB89AA5C24FB}"
EndProject
Project("{FAE04EC0-301F-11D3-BF4B-00C04F79EFBC}") = "0301ARegularExpression", "A0301ARegularExpression\0301ARegularExpression.csproj", "{ECDD7708-70CE-44D7-9533-90BEC43934E6}"
EndProject
Project("{2150E333-8FDC-42A3-9474-1A3956D46DE8}") = "CSharpFoundation", "CSharpFoundation", "{271D1B2F-4377-4B74-B19F-11EB00F80B42}"
EndProject
Project("{FAE04EC0-301F-11D3-BF4B-00C04F79EFBC}") = "0701FirstConsoleApp", "ConsoleApp1\0701FirstConsoleApp.csproj", "{7695378A-3B28-464F-80CF-E34A05C7DFAF}"
EndProject
Project("{FAE04EC0-301F-11D3-BF4B-00C04F79EFBC}") = "0702WindowsFormsApp1", "0702WindowsFormsApp1\0702WindowsFormsApp1.csproj", "{C1B181EB-0ABA-4774-A90F-188288D91597}"
EndProject
Project("{FAE04EC0-301F-11D3-BF4B-00C04F79EFBC}") = "0703WebApplication1", "WebApplication1\0703WebApplication1.csproj", "{45F78CAF-CDEA-4FA0-B6E3-140C8612C50E}"
EndProject
Project("{FAE04EC0-301F-11D3-BF4B-00C04F79EFBC}") = "0704ConsoleExercise001", "0704ConsoleExercise001\0704ConsoleExercise001.csproj", "{01651330-C7F3-469F-8AC7-EE5944E71172}"
EndProject
Project("{FAE04EC0-301F-11D3-BF4B-00C04F79EFBC}") = "0705WinForExercise002", "0705WinForExercise002\0705WinForExercise002.csproj", "{A5D9B2C0-620F-4B53-B3B1-8D417CC2A75F}"
EndProject
Project("{FAE04EC0-301F-11D3-BF4B-00C04F79EFBC}") = "0706ASPNETExercisie003", "0706ASPNETExercisie003\0706ASPNETExercisie003.csproj", "{68C1DE52-A5AE-48C5-AC04-708815BE2CAB}"
EndProject
Project("{FAE04EC0-301F-11D3-BF4B-00C04F79EFBC}") = "0707Variable", "0707Variable\0707Variable.csproj", "{3F8DB183-0C81-43CE-8DD3-21ED99E2A138}"
EndProject
Project("{FAE04EC0-301F-11D3-BF4B-00C04F79EFBC}") = "0708constant", "0708constant\0708constant.csproj", "{E2521610-6F70-48E2-BAFD-1C427DC82CA0}"
EndProject
Project("{FAE04EC0-301F-11D3-BF4B-00C04F79EFBC}") = "0709struct", "0708struct\0709struct.csproj", "{557CDE44-9089-4A4E-8D1F-A5DC57A97F9C}"
EndProject
Project("{FAE04EC0-301F-11D3-BF4B-00C04F79EFBC}") = "0710enumWeek", "0710enumWeek\0710enumWeek.csproj", "{4BF1E276-CA8E-48EE-AC4E-75287ADE7C76}"
EndProject
Project("{FAE04EC0-301F-11D3-BF4B-00C04F79EFBC}") = "0711Array", "0711Array\0711Array.csproj", "{D61F0CD6-D284-4765-976B-4F9EF7B7F602}"
EndProject
Project("{FAE04EC0-301F-11D3-BF4B-00C04F79EFBC}") = "0712TwoDimensionalArray", "0712TwoDimensionalArray\0712TwoDimensionalArray.csproj", "{E3C7996C-63F1-4D82-89C0-CCAF52D0F1EB}"
EndProject
Project("{FAE04EC0-301F-11D3-BF4B-00C04F79EFBC}") = "0713TypeCast", "0713TypeCast\0713TypeCast.csproj", "{92C5FE97-7050-4801-9462-3B8848D6BC6A}"
EndProject
Project("{FAE04EC0-301F-11D3-BF4B-00C04F79EFBC}") = "0714CaculateCircleArea", "0714CaculateCircleArea\0714CaculateCircleArea.csproj", "{2DE6026E-1F58-48B6-9C3E-AEF862ADA4A1}"
EndProject
Project("{FAE04EC0-301F-11D3-BF4B-00C04F79EFBC}") = "0715BoxAndUnbox", "0715BoxAndUnbox\0715BoxAndUnbox.csproj", "{AC7AEC9F-C745-4605-B813-E5BCF39A4A1E}"
EndProject
Project("{FAE04EC0-301F-11D3-BF4B-00C04F79EFBC}") = "0716SimulationWriteLine", "0716SimulationWriteLine\0716SimulationWriteLine.csproj", "{35F8E22E-33D4-48C1-9D19-C28166AFDF85}"
EndProject
Project("{FAE04EC0-301F-11D3-BF4B-00C04F79EFBC}") = "0719Replace", "0716Replace\0719Replace.csproj", "{FAE02999-7803-4655-8C84-B18D7ECF195E}"
EndProject
Project("{FAE04EC0-301F-11D3-BF4B-00C04F79EFBC}") = "0717TypeCheckingIs", "0717TypeChecking\0717TypeCheckingIs.csproj", "{B10458C9-070B-48FA-9AA9-CF4EC438CCB5}"
EndProject
Project("{FAE04EC0-301F-11D3-BF4B-00C04F79EFBC}") = "0718TypeCheckingAs", "0718TypeCheckingAs\0718TypeCheckingAs.csproj", "{F1F4676F-61CF-4F2C-84BD-86227C2DECE1}"
EndProject
Global
	GlobalSection(SolutionConfigurationPlatforms) = preSolution
		Debug|Any CPU = Debug|Any CPU
		Release|Any CPU = Release|Any CPU
	EndGlobalSection
	GlobalSection(ProjectConfigurationPlatforms) = postSolution
		{578E200D-39A1-467B-8CEA-F3632F6A010B}.Debug|Any CPU.ActiveCfg = Debug|Any CPU
		{578E200D-39A1-467B-8CEA-F3632F6A010B}.Debug|Any CPU.Build.0 = Debug|Any CPU
		{578E200D-39A1-467B-8CEA-F3632F6A010B}.Release|Any CPU.ActiveCfg = Release|Any CPU
		{578E200D-39A1-467B-8CEA-F3632F6A010B}.Release|Any CPU.Build.0 = Release|Any CPU
		{7975B621-1967-42B4-AD6D-FB89AA5C24FB}.Debug|Any CPU.ActiveCfg = Debug|Any CPU
		{7975B621-1967-42B4-AD6D-FB89AA5C24FB}.Debug|Any CPU.Build.0 = Debug|Any CPU
		{7975B621-1967-42B4-AD6D-FB89AA5C24FB}.Release|Any CPU.ActiveCfg = Release|Any CPU
		{7975B621-1967-42B4-AD6D-FB89AA5C24FB}.Release|Any CPU.Build.0 = Release|Any CPU
		{ECDD7708-70CE-44D7-9533-90BEC43934E6}.Debug|Any CPU.ActiveCfg = Debug|Any CPU
		{ECDD7708-70CE-44D7-9533-90BEC43934E6}.Debug|Any CPU.Build.0 = Debug|Any CPU
		{ECDD7708-70CE-44D7-9533-90BEC43934E6}.Release|Any CPU.ActiveCfg = Release|Any CPU
		{ECDD7708-70CE-44D7-9533-90BEC43934E6}.Release|Any CPU.Build.0 = Release|Any CPU
		{7695378A-3B28-464F-80CF-E34A05C7DFAF}.Debug|Any CPU.ActiveCfg = Debug|Any CPU
		{7695378A-3B28-464F-80CF-E34A05C7DFAF}.Debug|Any CPU.Build.0 = Debug|Any CPU
		{7695378A-3B28-464F-80CF-E34A05C7DFAF}.Release|Any CPU.ActiveCfg = Release|Any CPU
		{7695378A-3B28-464F-80CF-E34A05C7DFAF}.Release|Any CPU.Build.0 = Release|Any CPU
		{C1B181EB-0ABA-4774-A90F-188288D91597}.Debug|Any CPU.ActiveCfg = Debug|Any CPU
		{C1B181EB-0ABA-4774-A90F-188288D91597}.Debug|Any CPU.Build.0 = Debug|Any CPU
		{C1B181EB-0ABA-4774-A90F-188288D91597}.Release|Any CPU.ActiveCfg = Release|Any CPU
		{C1B181EB-0ABA-4774-A90F-188288D91597}.Release|Any CPU.Build.0 = Release|Any CPU
		{45F78CAF-CDEA-4FA0-B6E3-140C8612C50E}.Debug|Any CPU.ActiveCfg = Debug|Any CPU
		{45F78CAF-CDEA-4FA0-B6E3-140C8612C50E}.Debug|Any CPU.Build.0 = Debug|Any CPU
		{45F78CAF-CDEA-4FA0-B6E3-140C8612C50E}.Release|Any CPU.ActiveCfg = Release|Any CPU
		{45F78CAF-CDEA-4FA0-B6E3-140C8612C50E}.Release|Any CPU.Build.0 = Release|Any CPU
		{01651330-C7F3-469F-8AC7-EE5944E71172}.Debug|Any CPU.ActiveCfg = Debug|Any CPU
		{01651330-C7F3-469F-8AC7-EE5944E71172}.Debug|Any CPU.Build.0 = Debug|Any CPU
		{01651330-C7F3-469F-8AC7-EE5944E71172}.Release|Any CPU.ActiveCfg = Release|Any CPU
		{01651330-C7F3-469F-8AC7-EE5944E71172}.Release|Any CPU.Build.0 = Release|Any CPU
		{A5D9B2C0-620F-4B53-B3B1-8D417CC2A75F}.Debug|Any CPU.ActiveCfg = Debug|Any CPU
		{A5D9B2C0-620F-4B53-B3B1-8D417CC2A75F}.Debug|Any CPU.Build.0 = Debug|Any CPU
		{A5D9B2C0-620F-4B53-B3B1-8D417CC2A75F}.Release|Any CPU.ActiveCfg = Release|Any CPU
		{A5D9B2C0-620F-4B53-B3B1-8D417CC2A75F}.Release|Any CPU.Build.0 = Release|Any CPU
		{68C1DE52-A5AE-48C5-AC04-708815BE2CAB}.Debug|Any CPU.ActiveCfg = Debug|Any CPU
		{68C1DE52-A5AE-48C5-AC04-708815BE2CAB}.Debug|Any CPU.Build.0 = Debug|Any CPU
		{68C1DE52-A5AE-48C5-AC04-708815BE2CAB}.Release|Any CPU.ActiveCfg = Release|Any CPU
		{68C1DE52-A5AE-48C5-AC04-708815BE2CAB}.Release|Any CPU.Build.0 = Release|Any CPU
		{3F8DB183-0C81-43CE-8DD3-21ED99E2A138}.Debug|Any CPU.ActiveCfg = Debug|Any CPU
		{3F8DB183-0C81-43CE-8DD3-21ED99E2A138}.Debug|Any CPU.Build.0 = Debug|Any CPU
		{3F8DB183-0C81-43CE-8DD3-21ED99E2A138}.Release|Any CPU.ActiveCfg = Release|Any CPU
		{3F8DB183-0C81-43CE-8DD3-21ED99E2A138}.Release|Any CPU.Build.0 = Release|Any CPU
		{E2521610-6F70-48E2-BAFD-1C427DC82CA0}.Debug|Any CPU.ActiveCfg = Debug|Any CPU
		{E2521610-6F70-48E2-BAFD-1C427DC82CA0}.Debug|Any CPU.Build.0 = Debug|Any CPU
		{E2521610-6F70-48E2-BAFD-1C427DC82CA0}.Release|Any CPU.ActiveCfg = Release|Any CPU
		{E2521610-6F70-48E2-BAFD-1C427DC82CA0}.Release|Any CPU.Build.0 = Release|Any CPU
		{557CDE44-9089-4A4E-8D1F-A5DC57A97F9C}.Debug|Any CPU.ActiveCfg = Debug|Any CPU
		{557CDE44-9089-4A4E-8D1F-A5DC57A97F9C}.Debug|Any CPU.Build.0 = Debug|Any CPU
		{557CDE44-9089-4A4E-8D1F-A5DC57A97F9C}.Release|Any CPU.ActiveCfg = Release|Any CPU
		{557CDE44-9089-4A4E-8D1F-A5DC57A97F9C}.Release|Any CPU.Build.0 = Release|Any CPU
		{4BF1E276-CA8E-48EE-AC4E-75287ADE7C76}.Debug|Any CPU.ActiveCfg = Debug|Any CPU
		{4BF1E276-CA8E-48EE-AC4E-75287ADE7C76}.Debug|Any CPU.Build.0 = Debug|Any CPU
		{4BF1E276-CA8E-48EE-AC4E-75287ADE7C76}.Release|Any CPU.ActiveCfg = Release|Any CPU
		{4BF1E276-CA8E-48EE-AC4E-75287ADE7C76}.Release|Any CPU.Build.0 = Release|Any CPU
		{D61F0CD6-D284-4765-976B-4F9EF7B7F602}.Debug|Any CPU.ActiveCfg = Debug|Any CPU
		{D61F0CD6-D284-4765-976B-4F9EF7B7F602}.Debug|Any CPU.Build.0 = Debug|Any CPU
		{D61F0CD6-D284-4765-976B-4F9EF7B7F602}.Release|Any CPU.ActiveCfg = Release|Any CPU
		{D61F0CD6-D284-4765-976B-4F9EF7B7F602}.Release|Any CPU.Build.0 = Release|Any CPU
		{E3C7996C-63F1-4D82-89C0-CCAF52D0F1EB}.Debug|Any CPU.ActiveCfg = Debug|Any CPU
		{E3C7996C-63F1-4D82-89C0-CCAF52D0F1EB}.Debug|Any CPU.Build.0 = Debug|Any CPU
		{E3C7996C-63F1-4D82-89C0-CCAF52D0F1EB}.Release|Any CPU.ActiveCfg = Release|Any CPU
		{E3C7996C-63F1-4D82-89C0-CCAF52D0F1EB}.Release|Any CPU.Build.0 = Release|Any CPU
		{92C5FE97-7050-4801-9462-3B8848D6BC6A}.Debug|Any CPU.ActiveCfg = Debug|Any CPU
		{92C5FE97-7050-4801-9462-3B8848D6BC6A}.Debug|Any CPU.Build.0 = Debug|Any CPU
		{92C5FE97-7050-4801-9462-3B8848D6BC6A}.Release|Any CPU.ActiveCfg = Release|Any CPU
		{92C5FE97-7050-4801-9462-3B8848D6BC6A}.Release|Any CPU.Build.0 = Release|Any CPU
		{2DE6026E-1F58-48B6-9C3E-AEF862ADA4A1}.Debug|Any CPU.ActiveCfg = Debug|Any CPU
		{2DE6026E-1F58-48B6-9C3E-AEF862ADA4A1}.Debug|Any CPU.Build.0 = Debug|Any CPU
		{2DE6026E-1F58-48B6-9C3E-AEF862ADA4A1}.Release|Any CPU.ActiveCfg = Release|Any CPU
		{2DE6026E-1F58-48B6-9C3E-AEF862ADA4A1}.Release|Any CPU.Build.0 = Release|Any CPU
		{AC7AEC9F-C745-4605-B813-E5BCF39A4A1E}.Debug|Any CPU.ActiveCfg = Debug|Any CPU
		{AC7AEC9F-C745-4605-B813-E5BCF39A4A1E}.Debug|Any CPU.Build.0 = Debug|Any CPU
		{AC7AEC9F-C745-4605-B813-E5BCF39A4A1E}.Release|Any CPU.ActiveCfg = Release|Any CPU
		{AC7AEC9F-C745-4605-B813-E5BCF39A4A1E}.Release|Any CPU.Build.0 = Release|Any CPU
		{35F8E22E-33D4-48C1-9D19-C28166AFDF85}.Debug|Any CPU.ActiveCfg = Debug|Any CPU
		{35F8E22E-33D4-48C1-9D19-C28166AFDF85}.Debug|Any CPU.Build.0 = Debug|Any CPU
		{35F8E22E-33D4-48C1-9D19-C28166AFDF85}.Release|Any CPU.ActiveCfg = Release|Any CPU
		{35F8E22E-33D4-48C1-9D19-C28166AFDF85}.Release|Any CPU.Build.0 = Release|Any CPU
		{FAE02999-7803-4655-8C84-B18D7ECF195E}.Debug|Any CPU.ActiveCfg = Debug|Any CPU
		{FAE02999-7803-4655-8C84-B18D7ECF195E}.Debug|Any CPU.Build.0 = Debug|Any CPU
		{FAE02999-7803-4655-8C84-B18D7ECF195E}.Release|Any CPU.ActiveCfg = Release|Any CPU
		{FAE02999-7803-4655-8C84-B18D7ECF195E}.Release|Any CPU.Build.0 = Release|Any CPU
		{B10458C9-070B-48FA-9AA9-CF4EC438CCB5}.Debug|Any CPU.ActiveCfg = Debug|Any CPU
		{B10458C9-070B-48FA-9AA9-CF4EC438CCB5}.Debug|Any CPU.Build.0 = Debug|Any CPU
		{B10458C9-070B-48FA-9AA9-CF4EC438CCB5}.Release|Any CPU.ActiveCfg = Release|Any CPU
		{B10458C9-070B-48FA-9AA9-CF4EC438CCB5}.Release|Any CPU.Build.0 = Release|Any CPU
		{F1F4676F-61CF-4F2C-84BD-86227C2DECE1}.Debug|Any CPU.ActiveCfg = Debug|Any CPU
		{F1F4676F-61CF-4F2C-84BD-86227C2DECE1}.Debug|Any CPU.Build.0 = Debug|Any CPU
		{F1F4676F-61CF-4F2C-84BD-86227C2DECE1}.Release|Any CPU.ActiveCfg = Release|Any CPU
		{F1F4676F-61CF-4F2C-84BD-86227C2DECE1}.Release|Any CPU.Build.0 = Release|Any CPU
	EndGlobalSection
	GlobalSection(SolutionProperties) = preSolution
		HideSolutionNode = FALSE
	EndGlobalSection
	GlobalSection(NestedProjects) = preSolution
		{7975B621-1967-42B4-AD6D-FB89AA5C24FB} = {271D1B2F-4377-4B74-B19F-11EB00F80B42}
		{ECDD7708-70CE-44D7-9533-90BEC43934E6} = {271D1B2F-4377-4B74-B19F-11EB00F80B42}
		{7695378A-3B28-464F-80CF-E34A05C7DFAF} = {271D1B2F-4377-4B74-B19F-11EB00F80B42}
		{C1B181EB-0ABA-4774-A90F-188288D91597} = {271D1B2F-4377-4B74-B19F-11EB00F80B42}
		{45F78CAF-CDEA-4FA0-B6E3-140C8612C50E} = {271D1B2F-4377-4B74-B19F-11EB00F80B42}
		{01651330-C7F3-469F-8AC7-EE5944E71172} = {271D1B2F-4377-4B74-B19F-11EB00F80B42}
		{A5D9B2C0-620F-4B53-B3B1-8D417CC2A75F} = {271D1B2F-4377-4B74-B19F-11EB00F80B42}
		{68C1DE52-A5AE-48C5-AC04-708815BE2CAB} = {271D1B2F-4377-4B74-B19F-11EB00F80B42}
		{3F8DB183-0C81-43CE-8DD3-21ED99E2A138} = {271D1B2F-4377-4B74-B19F-11EB00F80B42}
		{E2521610-6F70-48E2-BAFD-1C427DC82CA0} = {271D1B2F-4377-4B74-B19F-11EB00F80B42}
		{557CDE44-9089-4A4E-8D1F-A5DC57A97F9C} = {271D1B2F-4377-4B74-B19F-11EB00F80B42}
		{4BF1E276-CA8E-48EE-AC4E-75287ADE7C76} = {271D1B2F-4377-4B74-B19F-11EB00F80B42}
		{D61F0CD6-D284-4765-976B-4F9EF7B7F602} = {271D1B2F-4377-4B74-B19F-11EB00F80B42}
		{E3C7996C-63F1-4D82-89C0-CCAF52D0F1EB} = {271D1B2F-4377-4B74-B19F-11EB00F80B42}
		{92C5FE97-7050-4801-9462-3B8848D6BC6A} = {271D1B2F-4377-4B74-B19F-11EB00F80B42}
		{2DE6026E-1F58-48B6-9C3E-AEF862ADA4A1} = {271D1B2F-4377-4B74-B19F-11EB00F80B42}
		{AC7AEC9F-C745-4605-B813-E5BCF39A4A1E} = {271D1B2F-4377-4B74-B19F-11EB00F80B42}
		{FAE02999-7803-4655-8C84-B18D7ECF195E} = {271D1B2F-4377-4B74-B19F-11EB00F80B42}
		{B10458C9-070B-48FA-9AA9-CF4EC438CCB5} = {271D1B2F-4377-4B74-B19F-11EB00F80B42}
		{F1F4676F-61CF-4F2C-84BD-86227C2DECE1} = {271D1B2F-4377-4B74-B19F-11EB00F80B42}
	EndGlobalSection
	GlobalSection(ExtensibilityGlobals) = postSolution
		SolutionGuid = {3AD925E7-74B9-4ED0-8CEA-2E354AEAED41}
	EndGlobalSection
EndGlobal
