
Microsoft Visual Studio Solution File, Format Version 12.00
# Visual Studio 15
VisualStudioVersion = 15.0.28307.960
MinimumVisualStudioVersion = 10.0.40219.1
Project("{FAE04EC0-301F-11D3-BF4B-00C04F79EFBC}") = "CSharpBasicPractise", "CSharpBasicPractise\CSharpBasicPractise.csproj", "{62EFC045-CDCA-4B0A-8448-A51AD688AFD2}"
EndProject
Global
	GlobalSection(SolutionConfigurationPlatforms) = preSolution
		Debug|Any CPU = Debug|Any CPU
		Release|Any CPU = Release|Any CPU
	EndGlobalSection
	GlobalSection(ProjectConfigurationPlatforms) = postSolution
		{62EFC045-CDCA-4B0A-8448-A51AD688AFD2}.Debug|Any CPU.ActiveCfg = Debug|Any CPU
		{62EFC045-CDCA-4B0A-8448-A51AD688AFD2}.Debug|Any CPU.Build.0 = Debug|Any CPU
		{62EFC045-CDCA-4B0A-8448-A51AD688AFD2}.Release|Any CPU.ActiveCfg = Release|Any CPU
		{62EFC045-CDCA-4B0A-8448-A51AD688AFD2}.Release|Any CPU.Build.0 = Release|Any CPU
	EndGlobalSection
	GlobalSection(SolutionProperties) = preSolution
		HideSolutionNode = FALSE
	EndGlobalSection
	GlobalSection(ExtensibilityGlobals) = postSolution
		SolutionGuid = {4EF9AD61-D890-44D2-84FD-B3F58BD58442}
	EndGlobalSection
EndGlobal
